
Microsoft Visual Studio Solution File, Format Version 12.00
# Visual Studio 15
VisualStudioVersion = 15.0.26730.15
MinimumVisualStudioVersion = 10.0.40219.1
Project("{FAE04EC0-301F-11D3-BF4B-00C04F79EFBC}") = "TextFile1_1_3", "TextFile1_1_3\TextFile1_1_3.csproj", "{9CBC0A83-4E86-494B-B872-9561D49F1DE3}"
EndProject
Project("{FAE04EC0-301F-11D3-BF4B-00C04F79EFBC}") = "BL", "BL\BL.csproj", "{69758355-2680-4259-BBCC-910EB67942BA}"
EndProject
Project("{FAE04EC0-301F-11D3-BF4B-00C04F79EFBC}") = "TextFile1_2_3", "TextFile1_2_3\TextFile1_2_3.csproj", "{0FFE9F4D-E8B8-4D76-AF9E-A42DC0974DA7}"
EndProject
Project("{FAE04EC0-301F-11D3-BF4B-00C04F79EFBC}") = "TextFile1_3_3", "TextFile1_3_3\TextFile1_3_3.csproj", "{189E5B77-14AD-4FBD-8CEC-24AAA4138047}"
EndProject
Project("{FAE04EC0-301F-11D3-BF4B-00C04F79EFBC}") = "Utils", "Utils\Utils.csproj", "{1F7F18C3-B64D-4841-9DC7-38EFB3D162C7}"
EndProject
Global
	GlobalSection(SolutionConfigurationPlatforms) = preSolution
		Debug|Any CPU = Debug|Any CPU
		Debug|ARM = Debug|ARM
		Debug|x64 = Debug|x64
		Debug|x86 = Debug|x86
		Release|Any CPU = Release|Any CPU
		Release|ARM = Release|ARM
		Release|x64 = Release|x64
		Release|x86 = Release|x86
	EndGlobalSection
	GlobalSection(ProjectConfigurationPlatforms) = postSolution
		{9CBC0A83-4E86-494B-B872-9561D49F1DE3}.Debug|Any CPU.ActiveCfg = Debug|Any CPU
		{9CBC0A83-4E86-494B-B872-9561D49F1DE3}.Debug|Any CPU.Build.0 = Debug|Any CPU
		{9CBC0A83-4E86-494B-B872-9561D49F1DE3}.Debug|ARM.ActiveCfg = Debug|Any CPU
		{9CBC0A83-4E86-494B-B872-9561D49F1DE3}.Debug|ARM.Build.0 = Debug|Any CPU
		{9CBC0A83-4E86-494B-B872-9561D49F1DE3}.Debug|x64.ActiveCfg = Debug|Any CPU
		{9CBC0A83-4E86-494B-B872-9561D49F1DE3}.Debug|x64.Build.0 = Debug|Any CPU
		{9CBC0A83-4E86-494B-B872-9561D49F1DE3}.Debug|x86.ActiveCfg = Debug|Any CPU
		{9CBC0A83-4E86-494B-B872-9561D49F1DE3}.Debug|x86.Build.0 = Debug|Any CPU
		{9CBC0A83-4E86-494B-B872-9561D49F1DE3}.Release|Any CPU.ActiveCfg = Release|Any CPU
		{9CBC0A83-4E86-494B-B872-9561D49F1DE3}.Release|Any CPU.Build.0 = Release|Any CPU
		{9CBC0A83-4E86-494B-B872-9561D49F1DE3}.Release|ARM.ActiveCfg = Release|Any CPU
		{9CBC0A83-4E86-494B-B872-9561D49F1DE3}.Release|ARM.Build.0 = Release|Any CPU
		{9CBC0A83-4E86-494B-B872-9561D49F1DE3}.Release|x64.ActiveCfg = Release|Any CPU
		{9CBC0A83-4E86-494B-B872-9561D49F1DE3}.Release|x64.Build.0 = Release|Any CPU
		{9CBC0A83-4E86-494B-B872-9561D49F1DE3}.Release|x86.ActiveCfg = Release|Any CPU
		{9CBC0A83-4E86-494B-B872-9561D49F1DE3}.Release|x86.Build.0 = Release|Any CPU
		{69758355-2680-4259-BBCC-910EB67942BA}.Debug|Any CPU.ActiveCfg = Debug|Any CPU
		{69758355-2680-4259-BBCC-910EB67942BA}.Debug|Any CPU.Build.0 = Debug|Any CPU
		{69758355-2680-4259-BBCC-910EB67942BA}.Debug|ARM.ActiveCfg = Debug|Any CPU
		{69758355-2680-4259-BBCC-910EB67942BA}.Debug|ARM.Build.0 = Debug|Any CPU
		{69758355-2680-4259-BBCC-910EB67942BA}.Debug|x64.ActiveCfg = Debug|Any CPU
		{69758355-2680-4259-BBCC-910EB67942BA}.Debug|x64.Build.0 = Debug|Any CPU
		{69758355-2680-4259-BBCC-910EB67942BA}.Debug|x86.ActiveCfg = Debug|Any CPU
		{69758355-2680-4259-BBCC-910EB67942BA}.Debug|x86.Build.0 = Debug|Any CPU
		{69758355-2680-4259-BBCC-910EB67942BA}.Release|Any CPU.ActiveCfg = Release|Any CPU
		{69758355-2680-4259-BBCC-910EB67942BA}.Release|Any CPU.Build.0 = Release|Any CPU
		{69758355-2680-4259-BBCC-910EB67942BA}.Release|ARM.ActiveCfg = Release|Any CPU
		{69758355-2680-4259-BBCC-910EB67942BA}.Release|ARM.Build.0 = Release|Any CPU
		{69758355-2680-4259-BBCC-910EB67942BA}.Release|x64.ActiveCfg = Release|Any CPU
		{69758355-2680-4259-BBCC-910EB67942BA}.Release|x64.Build.0 = Release|Any CPU
		{69758355-2680-4259-BBCC-910EB67942BA}.Release|x86.ActiveCfg = Release|Any CPU
		{69758355-2680-4259-BBCC-910EB67942BA}.Release|x86.Build.0 = Release|Any CPU
		{0FFE9F4D-E8B8-4D76-AF9E-A42DC0974DA7}.Debug|Any CPU.ActiveCfg = Debug|Any CPU
		{0FFE9F4D-E8B8-4D76-AF9E-A42DC0974DA7}.Debug|Any CPU.Build.0 = Debug|Any CPU
		{0FFE9F4D-E8B8-4D76-AF9E-A42DC0974DA7}.Debug|ARM.ActiveCfg = Debug|Any CPU
		{0FFE9F4D-E8B8-4D76-AF9E-A42DC0974DA7}.Debug|ARM.Build.0 = Debug|Any CPU
		{0FFE9F4D-E8B8-4D76-AF9E-A42DC0974DA7}.Debug|x64.ActiveCfg = Debug|Any CPU
		{0FFE9F4D-E8B8-4D76-AF9E-A42DC0974DA7}.Debug|x64.Build.0 = Debug|Any CPU
		{0FFE9F4D-E8B8-4D76-AF9E-A42DC0974DA7}.Debug|x86.ActiveCfg = Debug|Any CPU
		{0FFE9F4D-E8B8-4D76-AF9E-A42DC0974DA7}.Debug|x86.Build.0 = Debug|Any CPU
		{0FFE9F4D-E8B8-4D76-AF9E-A42DC0974DA7}.Release|Any CPU.ActiveCfg = Release|Any CPU
		{0FFE9F4D-E8B8-4D76-AF9E-A42DC0974DA7}.Release|Any CPU.Build.0 = Release|Any CPU
		{0FFE9F4D-E8B8-4D76-AF9E-A42DC0974DA7}.Release|ARM.ActiveCfg = Release|Any CPU
		{0FFE9F4D-E8B8-4D76-AF9E-A42DC0974DA7}.Release|ARM.Build.0 = Release|Any CPU
		{0FFE9F4D-E8B8-4D76-AF9E-A42DC0974DA7}.Release|x64.ActiveCfg = Release|Any CPU
		{0FFE9F4D-E8B8-4D76-AF9E-A42DC0974DA7}.Release|x64.Build.0 = Release|Any CPU
		{0FFE9F4D-E8B8-4D76-AF9E-A42DC0974DA7}.Release|x86.ActiveCfg = Release|Any CPU
		{0FFE9F4D-E8B8-4D76-AF9E-A42DC0974DA7}.Release|x86.Build.0 = Release|Any CPU
		{189E5B77-14AD-4FBD-8CEC-24AAA4138047}.Debug|Any CPU.ActiveCfg = Debug|Any CPU
		{189E5B77-14AD-4FBD-8CEC-24AAA4138047}.Debug|Any CPU.Build.0 = Debug|Any CPU
		{189E5B77-14AD-4FBD-8CEC-24AAA4138047}.Debug|ARM.ActiveCfg = Debug|Any CPU
		{189E5B77-14AD-4FBD-8CEC-24AAA4138047}.Debug|ARM.Build.0 = Debug|Any CPU
		{189E5B77-14AD-4FBD-8CEC-24AAA4138047}.Debug|x64.ActiveCfg = Debug|Any CPU
		{189E5B77-14AD-4FBD-8CEC-24AAA4138047}.Debug|x64.Build.0 = Debug|Any CPU
		{189E5B77-14AD-4FBD-8CEC-24AAA4138047}.Debug|x86.ActiveCfg = Debug|Any CPU
		{189E5B77-14AD-4FBD-8CEC-24AAA4138047}.Debug|x86.Build.0 = Debug|Any CPU
		{189E5B77-14AD-4FBD-8CEC-24AAA4138047}.Release|Any CPU.ActiveCfg = Release|Any CPU
		{189E5B77-14AD-4FBD-8CEC-24AAA4138047}.Release|Any CPU.Build.0 = Release|Any CPU
		{189E5B77-14AD-4FBD-8CEC-24AAA4138047}.Release|ARM.ActiveCfg = Release|Any CPU
		{189E5B77-14AD-4FBD-8CEC-24AAA4138047}.Release|ARM.Build.0 = Release|Any CPU
		{189E5B77-14AD-4FBD-8CEC-24AAA4138047}.Release|x64.ActiveCfg = Release|Any CPU
		{189E5B77-14AD-4FBD-8CEC-24AAA4138047}.Release|x64.Build.0 = Release|Any CPU
		{189E5B77-14AD-4FBD-8CEC-24AAA4138047}.Release|x86.ActiveCfg = Release|Any CPU
		{189E5B77-14AD-4FBD-8CEC-24AAA4138047}.Release|x86.Build.0 = Release|Any CPU
		{1F7F18C3-B64D-4841-9DC7-38EFB3D162C7}.Debug|Any CPU.ActiveCfg = Debug|Any CPU
		{1F7F18C3-B64D-4841-9DC7-38EFB3D162C7}.Debug|Any CPU.Build.0 = Debug|Any CPU
		{1F7F18C3-B64D-4841-9DC7-38EFB3D162C7}.Debug|ARM.ActiveCfg = Debug|Any CPU
		{1F7F18C3-B64D-4841-9DC7-38EFB3D162C7}.Debug|ARM.Build.0 = Debug|Any CPU
		{1F7F18C3-B64D-4841-9DC7-38EFB3D162C7}.Debug|x64.ActiveCfg = Debug|Any CPU
		{1F7F18C3-B64D-4841-9DC7-38EFB3D162C7}.Debug|x64.Build.0 = Debug|Any CPU
		{1F7F18C3-B64D-4841-9DC7-38EFB3D162C7}.Debug|x86.ActiveCfg = Debug|Any CPU
		{1F7F18C3-B64D-4841-9DC7-38EFB3D162C7}.Debug|x86.Build.0 = Debug|Any CPU
		{1F7F18C3-B64D-4841-9DC7-38EFB3D162C7}.Release|Any CPU.ActiveCfg = Release|Any CPU
		{1F7F18C3-B64D-4841-9DC7-38EFB3D162C7}.Release|Any CPU.Build.0 = Release|Any CPU
		{1F7F18C3-B64D-4841-9DC7-38EFB3D162C7}.Release|ARM.ActiveCfg = Release|Any CPU
		{1F7F18C3-B64D-4841-9DC7-38EFB3D162C7}.Release|ARM.Build.0 = Release|Any CPU
		{1F7F18C3-B64D-4841-9DC7-38EFB3D162C7}.Release|x64.ActiveCfg = Release|Any CPU
		{1F7F18C3-B64D-4841-9DC7-38EFB3D162C7}.Release|x64.Build.0 = Release|Any CPU
		{1F7F18C3-B64D-4841-9DC7-38EFB3D162C7}.Release|x86.ActiveCfg = Release|Any CPU
		{1F7F18C3-B64D-4841-9DC7-38EFB3D162C7}.Release|x86.Build.0 = Release|Any CPU
	EndGlobalSection
	GlobalSection(SolutionProperties) = preSolution
		HideSolutionNode = FALSE
	EndGlobalSection
	GlobalSection(ExtensibilityGlobals) = postSolution
		SolutionGuid = {A1C75FEC-B933-49FA-861C-8ED2B9816077}
	EndGlobalSection
EndGlobal
